
Microsoft Visual Studio Solution File, Format Version 12.00
# Visual Studio Version 16
VisualStudioVersion = 16.0.31624.102
MinimumVisualStudioVersion = 10.0.40219.1
Project("{FAE04EC0-301F-11D3-BF4B-00C04F79EFBC}") = "Simply Watered", "Simply Watered\Simply Watered.csproj", "{BF7BFEDD-8114-4FDC-9573-F56C03E1F2FF}"
EndProject
Global
	GlobalSection(SolutionConfigurationPlatforms) = preSolution
		Debug|Any CPU = Debug|Any CPU
		Release|Any CPU = Release|Any CPU
	EndGlobalSection
	GlobalSection(ProjectConfigurationPlatforms) = postSolution
		{BF7BFEDD-8114-4FDC-9573-F56C03E1F2FF}.Debug|Any CPU.ActiveCfg = Debug|Any CPU
		{BF7BFEDD-8114-4FDC-9573-F56C03E1F2FF}.Debug|Any CPU.Build.0 = Debug|Any CPU
		{BF7BFEDD-8114-4FDC-9573-F56C03E1F2FF}.Release|Any CPU.ActiveCfg = Release|Any CPU
		{BF7BFEDD-8114-4FDC-9573-F56C03E1F2FF}.Release|Any CPU.Build.0 = Release|Any CPU
	EndGlobalSection
	GlobalSection(SolutionProperties) = preSolution
		HideSolutionNode = FALSE
	EndGlobalSection
	GlobalSection(ExtensibilityGlobals) = postSolution
		SolutionGuid = {218CAE8A-4957-470B-B8BC-0694781A7E88}
	EndGlobalSection
EndGlobal
